
Microsoft Visual Studio Solution File, Format Version 12.00
# Visual Studio Version 17
VisualStudioVersion = 17.11.35312.102
MinimumVisualStudioVersion = 10.0.40219.1
Project("{FAE04EC0-301F-11D3-BF4B-00C04F79EFBC}") = "IdentifyingNumberServer", "IdentifyingNumberServer\IdentifyingNumberServer.csproj", "{866EBC80-B1F1-401C-8C2F-FB240550F95D}"
EndProject
Global
	GlobalSection(SolutionConfigurationPlatforms) = preSolution
		Debug|Any CPU = Debug|Any CPU
		Release|Any CPU = Release|Any CPU
	EndGlobalSection
	GlobalSection(ProjectConfigurationPlatforms) = postSolution
		{866EBC80-B1F1-401C-8C2F-FB240550F95D}.Debug|Any CPU.ActiveCfg = Debug|Any CPU
		{866EBC80-B1F1-401C-8C2F-FB240550F95D}.Debug|Any CPU.Build.0 = Debug|Any CPU
		{866EBC80-B1F1-401C-8C2F-FB240550F95D}.Release|Any CPU.ActiveCfg = Release|Any CPU
		{866EBC80-B1F1-401C-8C2F-FB240550F95D}.Release|Any CPU.Build.0 = Release|Any CPU
	EndGlobalSection
	GlobalSection(SolutionProperties) = preSolution
		HideSolutionNode = FALSE
	EndGlobalSection
	GlobalSection(ExtensibilityGlobals) = postSolution
		SolutionGuid = {3DA3140E-5D57-41A7-8F84-36CF4298785B}
	EndGlobalSection
EndGlobal
